
Microsoft Visual Studio Solution File, Format Version 12.00
# Visual Studio Version 17
VisualStudioVersion = 17.3.32929.385
MinimumVisualStudioVersion = 10.0.40219.1
Project("{FAE04EC0-301F-11D3-BF4B-00C04F79EFBC}") = "PracticaStatic", "PracticaStatic\PracticaStatic.csproj", "{D9585710-7F55-4153-AD5D-76EB731F3279}"
EndProject
Project("{FAE04EC0-301F-11D3-BF4B-00C04F79EFBC}") = "Winapp", "Winapp\Winapp.csproj", "{1D023B74-C172-4EFE-B2F7-A30CC9940992}"
EndProject
Global
	GlobalSection(SolutionConfigurationPlatforms) = preSolution
		Debug|Any CPU = Debug|Any CPU
		Release|Any CPU = Release|Any CPU
	EndGlobalSection
	GlobalSection(ProjectConfigurationPlatforms) = postSolution
		{D9585710-7F55-4153-AD5D-76EB731F3279}.Debug|Any CPU.ActiveCfg = Debug|Any CPU
		{D9585710-7F55-4153-AD5D-76EB731F3279}.Debug|Any CPU.Build.0 = Debug|Any CPU
		{D9585710-7F55-4153-AD5D-76EB731F3279}.Release|Any CPU.ActiveCfg = Release|Any CPU
		{D9585710-7F55-4153-AD5D-76EB731F3279}.Release|Any CPU.Build.0 = Release|Any CPU
		{1D023B74-C172-4EFE-B2F7-A30CC9940992}.Debug|Any CPU.ActiveCfg = Debug|Any CPU
		{1D023B74-C172-4EFE-B2F7-A30CC9940992}.Debug|Any CPU.Build.0 = Debug|Any CPU
		{1D023B74-C172-4EFE-B2F7-A30CC9940992}.Release|Any CPU.ActiveCfg = Release|Any CPU
		{1D023B74-C172-4EFE-B2F7-A30CC9940992}.Release|Any CPU.Build.0 = Release|Any CPU
	EndGlobalSection
	GlobalSection(SolutionProperties) = preSolution
		HideSolutionNode = FALSE
	EndGlobalSection
	GlobalSection(ExtensibilityGlobals) = postSolution
		SolutionGuid = {A30F44B7-2E44-4E54-ACD1-357B074059C5}
	EndGlobalSection
EndGlobal
